
Microsoft Visual Studio Solution File, Format Version 12.00
# Visual Studio 15
VisualStudioVersion = 15.0.27004.2008
MinimumVisualStudioVersion = 10.0.40219.1
Project("{FAE04EC0-301F-11D3-BF4B-00C04F79EFBC}") = "Protocol", "Protocol\Protocol.csproj", "{6BDEFCA2-423D-4F6B-B2BC-D552F21DEFAD}"
EndProject
Project("{FAE04EC0-301F-11D3-BF4B-00C04F79EFBC}") = "Client", "Client\Client.csproj", "{00180255-8160-4A51-92F0-6DD841123502}"
EndProject
Project("{FAE04EC0-301F-11D3-BF4B-00C04F79EFBC}") = "Server", "Server\Server.csproj", "{BA0CB037-38D9-457D-90B1-3D1B300BB4F5}"
EndProject
Global
	GlobalSection(SolutionConfigurationPlatforms) = preSolution
		Debug|Any CPU = Debug|Any CPU
		Release|Any CPU = Release|Any CPU
	EndGlobalSection
	GlobalSection(ProjectConfigurationPlatforms) = postSolution
		{6BDEFCA2-423D-4F6B-B2BC-D552F21DEFAD}.Debug|Any CPU.ActiveCfg = Debug|Any CPU
		{6BDEFCA2-423D-4F6B-B2BC-D552F21DEFAD}.Debug|Any CPU.Build.0 = Debug|Any CPU
		{6BDEFCA2-423D-4F6B-B2BC-D552F21DEFAD}.Release|Any CPU.ActiveCfg = Release|Any CPU
		{6BDEFCA2-423D-4F6B-B2BC-D552F21DEFAD}.Release|Any CPU.Build.0 = Release|Any CPU
		{00180255-8160-4A51-92F0-6DD841123502}.Debug|Any CPU.ActiveCfg = Debug|Any CPU
		{00180255-8160-4A51-92F0-6DD841123502}.Debug|Any CPU.Build.0 = Debug|Any CPU
		{00180255-8160-4A51-92F0-6DD841123502}.Release|Any CPU.ActiveCfg = Release|Any CPU
		{00180255-8160-4A51-92F0-6DD841123502}.Release|Any CPU.Build.0 = Release|Any CPU
		{BA0CB037-38D9-457D-90B1-3D1B300BB4F5}.Debug|Any CPU.ActiveCfg = Debug|Any CPU
		{BA0CB037-38D9-457D-90B1-3D1B300BB4F5}.Debug|Any CPU.Build.0 = Debug|Any CPU
		{BA0CB037-38D9-457D-90B1-3D1B300BB4F5}.Release|Any CPU.ActiveCfg = Release|Any CPU
		{BA0CB037-38D9-457D-90B1-3D1B300BB4F5}.Release|Any CPU.Build.0 = Release|Any CPU
	EndGlobalSection
	GlobalSection(SolutionProperties) = preSolution
		HideSolutionNode = FALSE
	EndGlobalSection
	GlobalSection(ExtensibilityGlobals) = postSolution
		SolutionGuid = {7647475D-FB90-4F5E-BADC-8CCC2CDF5176}
	EndGlobalSection
EndGlobal
